
Microsoft Visual Studio Solution File, Format Version 12.00
# Visual Studio Version 16
VisualStudioVersion = 16.0.30621.155
MinimumVisualStudioVersion = 10.0.40219.1
Project("{FAE04EC0-301F-11D3-BF4B-00C04F79EFBC}") = "Monitoring_WPF", "Monitoring_WPF\Monitoring_WPF.csproj", "{23B15F6C-2355-433B-B97D-974D73D4BC45}"
EndProject
Global
	GlobalSection(SolutionConfigurationPlatforms) = preSolution
		Debug|Any CPU = Debug|Any CPU
		Release|Any CPU = Release|Any CPU
	EndGlobalSection
	GlobalSection(ProjectConfigurationPlatforms) = postSolution
		{23B15F6C-2355-433B-B97D-974D73D4BC45}.Debug|Any CPU.ActiveCfg = Debug|Any CPU
		{23B15F6C-2355-433B-B97D-974D73D4BC45}.Debug|Any CPU.Build.0 = Debug|Any CPU
		{23B15F6C-2355-433B-B97D-974D73D4BC45}.Release|Any CPU.ActiveCfg = Release|Any CPU
		{23B15F6C-2355-433B-B97D-974D73D4BC45}.Release|Any CPU.Build.0 = Release|Any CPU
	EndGlobalSection
	GlobalSection(SolutionProperties) = preSolution
		HideSolutionNode = FALSE
	EndGlobalSection
	GlobalSection(ExtensibilityGlobals) = postSolution
		SolutionGuid = {FCA7023A-7C3F-46C8-9DF0-A136FD82B720}
	EndGlobalSection
EndGlobal
